
Microsoft Visual Studio Solution File, Format Version 12.00
# Visual Studio Version 16
VisualStudioVersion = 25.0.1700.6
MinimumVisualStudioVersion = 10.0.40219.1
Project("{FAE04EC0-301F-11D3-BF4B-00C04F79EFBC}") = "getSetTest", "getSetTest\getSetTest.csproj", "{EE3F1680-7279-443B-A6F6-068D3A607758}"
EndProject
Global
	GlobalSection(SolutionConfigurationPlatforms) = preSolution
		Debug|Any CPU = Debug|Any CPU
		Release|Any CPU = Release|Any CPU
	EndGlobalSection
	GlobalSection(ProjectConfigurationPlatforms) = postSolution
		{EE3F1680-7279-443B-A6F6-068D3A607758}.Debug|Any CPU.ActiveCfg = Debug|Any CPU
		{EE3F1680-7279-443B-A6F6-068D3A607758}.Debug|Any CPU.Build.0 = Debug|Any CPU
		{EE3F1680-7279-443B-A6F6-068D3A607758}.Release|Any CPU.ActiveCfg = Release|Any CPU
		{EE3F1680-7279-443B-A6F6-068D3A607758}.Release|Any CPU.Build.0 = Release|Any CPU
	EndGlobalSection
	GlobalSection(SolutionProperties) = preSolution
		HideSolutionNode = FALSE
	EndGlobalSection
	GlobalSection(ExtensibilityGlobals) = postSolution
		SolutionGuid = {1AEA3CA0-FC05-4183-ACFC-29B6BA47E6CD}
	EndGlobalSection
EndGlobal
