
Microsoft Visual Studio Solution File, Format Version 12.00
# Visual Studio Version 16
VisualStudioVersion = 25.0.1700.6
MinimumVisualStudioVersion = 10.0.40219.1
Project("{FAE04EC0-301F-11D3-BF4B-00C04F79EFBC}") = "Event", "Event\Event.csproj", "{9057C8E9-DFEE-4AFC-8B8B-43C723E26425}"
EndProject
Global
	GlobalSection(SolutionConfigurationPlatforms) = preSolution
		Debug|Any CPU = Debug|Any CPU
		Release|Any CPU = Release|Any CPU
	EndGlobalSection
	GlobalSection(ProjectConfigurationPlatforms) = postSolution
		{9057C8E9-DFEE-4AFC-8B8B-43C723E26425}.Debug|Any CPU.ActiveCfg = Debug|Any CPU
		{9057C8E9-DFEE-4AFC-8B8B-43C723E26425}.Debug|Any CPU.Build.0 = Debug|Any CPU
		{9057C8E9-DFEE-4AFC-8B8B-43C723E26425}.Release|Any CPU.ActiveCfg = Release|Any CPU
		{9057C8E9-DFEE-4AFC-8B8B-43C723E26425}.Release|Any CPU.Build.0 = Release|Any CPU
	EndGlobalSection
	GlobalSection(SolutionProperties) = preSolution
		HideSolutionNode = FALSE
	EndGlobalSection
	GlobalSection(ExtensibilityGlobals) = postSolution
		SolutionGuid = {08714331-A470-4A01-A7F8-CCEA3646C4B7}
	EndGlobalSection
EndGlobal
