
Microsoft Visual Studio Solution File, Format Version 12.00
# Visual Studio Version 16
VisualStudioVersion = 25.0.1706.7
MinimumVisualStudioVersion = 10.0.40219.1
Project("{FAE04EC0-301F-11D3-BF4B-00C04F79EFBC}") = "VignereCipherReal", "VignereCipherReal\VignereCipherReal.csproj", "{048F0AA2-0003-49D9-AD10-BCEF369DA520}"
EndProject
Global
	GlobalSection(SolutionConfigurationPlatforms) = preSolution
		Debug|Any CPU = Debug|Any CPU
		Release|Any CPU = Release|Any CPU
	EndGlobalSection
	GlobalSection(ProjectConfigurationPlatforms) = postSolution
		{048F0AA2-0003-49D9-AD10-BCEF369DA520}.Debug|Any CPU.ActiveCfg = Debug|Any CPU
		{048F0AA2-0003-49D9-AD10-BCEF369DA520}.Debug|Any CPU.Build.0 = Debug|Any CPU
		{048F0AA2-0003-49D9-AD10-BCEF369DA520}.Release|Any CPU.ActiveCfg = Release|Any CPU
		{048F0AA2-0003-49D9-AD10-BCEF369DA520}.Release|Any CPU.Build.0 = Release|Any CPU
	EndGlobalSection
	GlobalSection(SolutionProperties) = preSolution
		HideSolutionNode = FALSE
	EndGlobalSection
	GlobalSection(ExtensibilityGlobals) = postSolution
		SolutionGuid = {E9ED6656-3D30-4661-9F66-56275543DA76}
	EndGlobalSection
EndGlobal
