
Microsoft Visual Studio Solution File, Format Version 12.00
# Visual Studio Version 16
VisualStudioVersion = 25.0.1706.2
MinimumVisualStudioVersion = 10.0.40219.1
Project("{FAE04EC0-301F-11D3-BF4B-00C04F79EFBC}") = "async_1", "async_1\async_1.csproj", "{C75C35DE-D4F5-41E1-876B-275F06BDD9C2}"
EndProject
Global
	GlobalSection(SolutionConfigurationPlatforms) = preSolution
		Debug|Any CPU = Debug|Any CPU
		Release|Any CPU = Release|Any CPU
	EndGlobalSection
	GlobalSection(ProjectConfigurationPlatforms) = postSolution
		{C75C35DE-D4F5-41E1-876B-275F06BDD9C2}.Debug|Any CPU.ActiveCfg = Debug|Any CPU
		{C75C35DE-D4F5-41E1-876B-275F06BDD9C2}.Debug|Any CPU.Build.0 = Debug|Any CPU
		{C75C35DE-D4F5-41E1-876B-275F06BDD9C2}.Release|Any CPU.ActiveCfg = Release|Any CPU
		{C75C35DE-D4F5-41E1-876B-275F06BDD9C2}.Release|Any CPU.Build.0 = Release|Any CPU
	EndGlobalSection
	GlobalSection(SolutionProperties) = preSolution
		HideSolutionNode = FALSE
	EndGlobalSection
	GlobalSection(ExtensibilityGlobals) = postSolution
		SolutionGuid = {88F51729-9D5C-451B-B152-D8032A3E3FF8}
	EndGlobalSection
EndGlobal
