
Microsoft Visual Studio Solution File, Format Version 12.00
# Visual Studio Version 16
VisualStudioVersion = 16.0.32802.440
MinimumVisualStudioVersion = 10.0.40219.1
Project("{FAE04EC0-301F-11D3-BF4B-00C04F79EFBC}") = "WPF_Calculator", "WPF_Calculator.csproj", "{A871F404-BEC4-4BFA-88DF-58931E2DDA71}"
EndProject
Global
	GlobalSection(SolutionConfigurationPlatforms) = preSolution
		Debug|Any CPU = Debug|Any CPU
		Release|Any CPU = Release|Any CPU
	EndGlobalSection
	GlobalSection(ProjectConfigurationPlatforms) = postSolution
		{A871F404-BEC4-4BFA-88DF-58931E2DDA71}.Debug|Any CPU.ActiveCfg = Debug|Any CPU
		{A871F404-BEC4-4BFA-88DF-58931E2DDA71}.Debug|Any CPU.Build.0 = Debug|Any CPU
		{A871F404-BEC4-4BFA-88DF-58931E2DDA71}.Release|Any CPU.ActiveCfg = Release|Any CPU
		{A871F404-BEC4-4BFA-88DF-58931E2DDA71}.Release|Any CPU.Build.0 = Release|Any CPU
	EndGlobalSection
	GlobalSection(SolutionProperties) = preSolution
		HideSolutionNode = FALSE
	EndGlobalSection
	GlobalSection(ExtensibilityGlobals) = postSolution
		SolutionGuid = {B934C1BD-FE59-4A0B-83A9-27CBC4AB1CD7}
	EndGlobalSection
EndGlobal
